
Microsoft Visual Studio Solution File, Format Version 12.00
# Visual Studio Version 16
VisualStudioVersion = 16.0.30804.86
MinimumVisualStudioVersion = 10.0.40219.1
Project("{9A19103F-16F7-4668-BE54-9A1E7A4F7556}") = "KampIntro", "KampIntro\KampIntro.csproj", "{C6423DCA-3255-4DFB-BAA9-954004E02810}"
EndProject
Project("{9A19103F-16F7-4668-BE54-9A1E7A4F7556}") = "Donguler", "Donguler\Donguler.csproj", "{EEB28072-E19C-498F-A8EB-C51851A0359D}"
EndProject
Project("{9A19103F-16F7-4668-BE54-9A1E7A4F7556}") = "ClassIntro", "ClassIntro\ClassIntro.csproj", "{D5166499-C600-410A-9535-C176185EA041}"
EndProject
Project("{9A19103F-16F7-4668-BE54-9A1E7A4F7556}") = "Metotlar", "Metotlar\Metotlar.csproj", "{3A98F66C-4DA5-4681-9578-378F6BD00C4F}"
EndProject
Project("{9A19103F-16F7-4668-BE54-9A1E7A4F7556}") = "Matematik", "Matematik\Matematik.csproj", "{09EC41BD-A558-401E-8300-BDF3B9EEE425}"
EndProject
Project("{9A19103F-16F7-4668-BE54-9A1E7A4F7556}") = "DegerVeReferansTipler", "DegerVeReferansTipler\DegerVeReferansTipler.csproj", "{D876ADE0-73EA-47FB-B60E-05ECCBA12A29}"
EndProject
Project("{9A19103F-16F7-4668-BE54-9A1E7A4F7556}") = "OOP1", "OOP1\OOP1.csproj", "{B11923E9-2CCD-4026-9BC3-026D1827BE57}"
EndProject
Project("{9A19103F-16F7-4668-BE54-9A1E7A4F7556}") = "Koleksiyonlar", "Koleksiyonlar\Koleksiyonlar.csproj", "{505D6C08-450E-47A5-BA11-38420AA50224}"
EndProject
Project("{9A19103F-16F7-4668-BE54-9A1E7A4F7556}") = "GenericsIntro", "GenericsIntro\GenericsIntro.csproj", "{2A7E152D-3F2A-47B0-A55C-A88CAF0D1CBC}"
EndProject
Project("{FAE04EC0-301F-11D3-BF4B-00C04F79EFBC}") = "OOP2", "OOP2\OOP2.csproj", "{B1A56EF1-25F7-4ABC-B1CA-495B1244D7CF}"
EndProject
Project("{FAE04EC0-301F-11D3-BF4B-00C04F79EFBC}") = "OOP3", "OOP3\OOP3.csproj", "{4C11E1B0-9BF1-4EA6-A6A4-B561065FE9FE}"
EndProject
Global
	GlobalSection(SolutionConfigurationPlatforms) = preSolution
		Debug|Any CPU = Debug|Any CPU
		Release|Any CPU = Release|Any CPU
	EndGlobalSection
	GlobalSection(ProjectConfigurationPlatforms) = postSolution
		{C6423DCA-3255-4DFB-BAA9-954004E02810}.Debug|Any CPU.ActiveCfg = Debug|Any CPU
		{C6423DCA-3255-4DFB-BAA9-954004E02810}.Debug|Any CPU.Build.0 = Debug|Any CPU
		{C6423DCA-3255-4DFB-BAA9-954004E02810}.Release|Any CPU.ActiveCfg = Release|Any CPU
		{C6423DCA-3255-4DFB-BAA9-954004E02810}.Release|Any CPU.Build.0 = Release|Any CPU
		{EEB28072-E19C-498F-A8EB-C51851A0359D}.Debug|Any CPU.ActiveCfg = Debug|Any CPU
		{EEB28072-E19C-498F-A8EB-C51851A0359D}.Debug|Any CPU.Build.0 = Debug|Any CPU
		{EEB28072-E19C-498F-A8EB-C51851A0359D}.Release|Any CPU.ActiveCfg = Release|Any CPU
		{EEB28072-E19C-498F-A8EB-C51851A0359D}.Release|Any CPU.Build.0 = Release|Any CPU
		{D5166499-C600-410A-9535-C176185EA041}.Debug|Any CPU.ActiveCfg = Debug|Any CPU
		{D5166499-C600-410A-9535-C176185EA041}.Debug|Any CPU.Build.0 = Debug|Any CPU
		{D5166499-C600-410A-9535-C176185EA041}.Release|Any CPU.ActiveCfg = Release|Any CPU
		{D5166499-C600-410A-9535-C176185EA041}.Release|Any CPU.Build.0 = Release|Any CPU
		{3A98F66C-4DA5-4681-9578-378F6BD00C4F}.Debug|Any CPU.ActiveCfg = Debug|Any CPU
		{3A98F66C-4DA5-4681-9578-378F6BD00C4F}.Debug|Any CPU.Build.0 = Debug|Any CPU
		{3A98F66C-4DA5-4681-9578-378F6BD00C4F}.Release|Any CPU.ActiveCfg = Release|Any CPU
		{3A98F66C-4DA5-4681-9578-378F6BD00C4F}.Release|Any CPU.Build.0 = Release|Any CPU
		{09EC41BD-A558-401E-8300-BDF3B9EEE425}.Debug|Any CPU.ActiveCfg = Debug|Any CPU
		{09EC41BD-A558-401E-8300-BDF3B9EEE425}.Debug|Any CPU.Build.0 = Debug|Any CPU
		{09EC41BD-A558-401E-8300-BDF3B9EEE425}.Release|Any CPU.ActiveCfg = Release|Any CPU
		{09EC41BD-A558-401E-8300-BDF3B9EEE425}.Release|Any CPU.Build.0 = Release|Any CPU
		{D876ADE0-73EA-47FB-B60E-05ECCBA12A29}.Debug|Any CPU.ActiveCfg = Debug|Any CPU
		{D876ADE0-73EA-47FB-B60E-05ECCBA12A29}.Debug|Any CPU.Build.0 = Debug|Any CPU
		{D876ADE0-73EA-47FB-B60E-05ECCBA12A29}.Release|Any CPU.ActiveCfg = Release|Any CPU
		{D876ADE0-73EA-47FB-B60E-05ECCBA12A29}.Release|Any CPU.Build.0 = Release|Any CPU
		{B11923E9-2CCD-4026-9BC3-026D1827BE57}.Debug|Any CPU.ActiveCfg = Debug|Any CPU
		{B11923E9-2CCD-4026-9BC3-026D1827BE57}.Debug|Any CPU.Build.0 = Debug|Any CPU
		{B11923E9-2CCD-4026-9BC3-026D1827BE57}.Release|Any CPU.ActiveCfg = Release|Any CPU
		{B11923E9-2CCD-4026-9BC3-026D1827BE57}.Release|Any CPU.Build.0 = Release|Any CPU
		{505D6C08-450E-47A5-BA11-38420AA50224}.Debug|Any CPU.ActiveCfg = Debug|Any CPU
		{505D6C08-450E-47A5-BA11-38420AA50224}.Debug|Any CPU.Build.0 = Debug|Any CPU
		{505D6C08-450E-47A5-BA11-38420AA50224}.Release|Any CPU.ActiveCfg = Release|Any CPU
		{505D6C08-450E-47A5-BA11-38420AA50224}.Release|Any CPU.Build.0 = Release|Any CPU
		{2A7E152D-3F2A-47B0-A55C-A88CAF0D1CBC}.Debug|Any CPU.ActiveCfg = Debug|Any CPU
		{2A7E152D-3F2A-47B0-A55C-A88CAF0D1CBC}.Debug|Any CPU.Build.0 = Debug|Any CPU
		{2A7E152D-3F2A-47B0-A55C-A88CAF0D1CBC}.Release|Any CPU.ActiveCfg = Release|Any CPU
		{2A7E152D-3F2A-47B0-A55C-A88CAF0D1CBC}.Release|Any CPU.Build.0 = Release|Any CPU
		{B1A56EF1-25F7-4ABC-B1CA-495B1244D7CF}.Debug|Any CPU.ActiveCfg = Debug|Any CPU
		{B1A56EF1-25F7-4ABC-B1CA-495B1244D7CF}.Debug|Any CPU.Build.0 = Debug|Any CPU
		{B1A56EF1-25F7-4ABC-B1CA-495B1244D7CF}.Release|Any CPU.ActiveCfg = Release|Any CPU
		{B1A56EF1-25F7-4ABC-B1CA-495B1244D7CF}.Release|Any CPU.Build.0 = Release|Any CPU
		{4C11E1B0-9BF1-4EA6-A6A4-B561065FE9FE}.Debug|Any CPU.ActiveCfg = Debug|Any CPU
		{4C11E1B0-9BF1-4EA6-A6A4-B561065FE9FE}.Debug|Any CPU.Build.0 = Debug|Any CPU
		{4C11E1B0-9BF1-4EA6-A6A4-B561065FE9FE}.Release|Any CPU.ActiveCfg = Release|Any CPU
		{4C11E1B0-9BF1-4EA6-A6A4-B561065FE9FE}.Release|Any CPU.Build.0 = Release|Any CPU
	EndGlobalSection
	GlobalSection(SolutionProperties) = preSolution
		HideSolutionNode = FALSE
	EndGlobalSection
	GlobalSection(ExtensibilityGlobals) = postSolution
		SolutionGuid = {8D37C5A5-94FC-4204-870A-486CD72A5840}
	EndGlobalSection
EndGlobal
